// !$*UTF8*$!
{
	archiveVersion = 1;
	classes = {
	};
	objectVersion = 56;
	objects = {

/* Begin PBXBuildFile section */
		50F58F262BC1BA19007D4D1C /* BBB_Nostr_DemoApp.swift in Sources */ = {isa = PBXBuildFile; fileRef = 50F58F252BC1BA19007D4D1C /* BBB_Nostr_DemoApp.swift */; };
		50F58F282BC1BA19007D4D1C /* ContentView.swift in Sources */ = {isa = PBXBuildFile; fileRef = 50F58F272BC1BA19007D4D1C /* ContentView.swift */; };
		50F58F2A2BC1BA1B007D4D1C /* Assets.xcassets in Resources */ = {isa = PBXBuildFile; fileRef = 50F58F292BC1BA1B007D4D1C /* Assets.xcassets */; };
		50F58F2D2BC1BA1B007D4D1C /* Preview Assets.xcassets in Resources */ = {isa = PBXBuildFile; fileRef = 50F58F2C2BC1BA1B007D4D1C /* Preview Assets.xcassets */; };
		50F58F352BC1BB0F007D4D1C /* NostrSDK in Frameworks */ = {isa = PBXBuildFile; productRef = 50F58F342BC1BB0F007D4D1C /* NostrSDK */; };
		50F58F372BC1E531007D4D1C /* TopLevelView.swift in Sources */ = {isa = PBXBuildFile; fileRef = 50F58F362BC1E531007D4D1C /* TopLevelView.swift */; };
		50F58F392BC1E578007D4D1C /* PostingView.swift in Sources */ = {isa = PBXBuildFile; fileRef = 50F58F382BC1E578007D4D1C /* PostingView.swift */; };
		50F58F3B2BC1E580007D4D1C /* FollowingView.swift in Sources */ = {isa = PBXBuildFile; fileRef = 50F58F3A2BC1E580007D4D1C /* FollowingView.swift */; };
		50F58F3D2BC1E7A8007D4D1C /* NotePoster.swift in Sources */ = {isa = PBXBuildFile; fileRef = 50F58F3C2BC1E7A8007D4D1C /* NotePoster.swift */; };
/* End PBXBuildFile section */

/* Begin PBXFileReference section */
		50F58F222BC1BA19007D4D1C /* BBB Nostr Demo.app */ = {isa = PBXFileReference; explicitFileType = wrapper.application; includeInIndex = 0; path = "BBB Nostr Demo.app"; sourceTree = BUILT_PRODUCTS_DIR; };
		50F58F252BC1BA19007D4D1C /* BBB_Nostr_DemoApp.swift */ = {isa = PBXFileReference; lastKnownFileType = sourcecode.swift; path = BBB_Nostr_DemoApp.swift; sourceTree = "<group>"; };
		50F58F272BC1BA19007D4D1C /* ContentView.swift */ = {isa = PBXFileReference; lastKnownFileType = sourcecode.swift; path = ContentView.swift; sourceTree = "<group>"; };
		50F58F292BC1BA1B007D4D1C /* Assets.xcassets */ = {isa = PBXFileReference; lastKnownFileType = folder.assetcatalog; path = Assets.xcassets; sourceTree = "<group>"; };
		50F58F2C2BC1BA1B007D4D1C /* Preview Assets.xcassets */ = {isa = PBXFileReference; lastKnownFileType = folder.assetcatalog; path = "Preview Assets.xcassets"; sourceTree = "<group>"; };
		50F58F362BC1E531007D4D1C /* TopLevelView.swift */ = {isa = PBXFileReference; lastKnownFileType = sourcecode.swift; path = TopLevelView.swift; sourceTree = "<group>"; };
		50F58F382BC1E578007D4D1C /* PostingView.swift */ = {isa = PBXFileReference; lastKnownFileType = sourcecode.swift; path = PostingView.swift; sourceTree = "<group>"; };
		50F58F3A2BC1E580007D4D1C /* FollowingView.swift */ = {isa = PBXFileReference; lastKnownFileType = sourcecode.swift; path = FollowingView.swift; sourceTree = "<group>"; };
		50F58F3C2BC1E7A8007D4D1C /* NotePoster.swift */ = {isa = PBXFileReference; lastKnownFileType = sourcecode.swift; path = NotePoster.swift; sourceTree = "<group>"; };
/* End PBXFileReference section */

/* Begin PBXFrameworksBuildPhase section */
		50F58F1F2BC1BA19007D4D1C /* Frameworks */ = {
			isa = PBXFrameworksBuildPhase;
			buildActionMask = 2147483647;
			files = (
				50F58F352BC1BB0F007D4D1C /* NostrSDK in Frameworks */,
			);
			runOnlyForDeploymentPostprocessing = 0;
		};
/* End PBXFrameworksBuildPhase section */

/* Begin PBXGroup section */
		50F58F192BC1BA19007D4D1C = {
			isa = PBXGroup;
			children = (
				50F58F242BC1BA19007D4D1C /* BBB Nostr Demo */,
				50F58F232BC1BA19007D4D1C /* Products */,
			);
			sourceTree = "<group>";
		};
		50F58F232BC1BA19007D4D1C /* Products */ = {
			isa = PBXGroup;
			children = (
				50F58F222BC1BA19007D4D1C /* BBB Nostr Demo.app */,
			);
			name = Products;
			sourceTree = "<group>";
		};
		50F58F242BC1BA19007D4D1C /* BBB Nostr Demo */ = {
			isa = PBXGroup;
			children = (
				50F58F252BC1BA19007D4D1C /* BBB_Nostr_DemoApp.swift */,
				50F58F272BC1BA19007D4D1C /* ContentView.swift */,
				50F58F362BC1E531007D4D1C /* TopLevelView.swift */,
				50F58F382BC1E578007D4D1C /* PostingView.swift */,
				50F58F3A2BC1E580007D4D1C /* FollowingView.swift */,
				50F58F3C2BC1E7A8007D4D1C /* NotePoster.swift */,
				50F58F292BC1BA1B007D4D1C /* Assets.xcassets */,
				50F58F2B2BC1BA1B007D4D1C /* Preview Content */,
			);
			path = "BBB Nostr Demo";
			sourceTree = "<group>";
		};
		50F58F2B2BC1BA1B007D4D1C /* Preview Content */ = {
			isa = PBXGroup;
			children = (
				50F58F2C2BC1BA1B007D4D1C /* Preview Assets.xcassets */,
			);
			path = "Preview Content";
			sourceTree = "<group>";
		};
/* End PBXGroup section */

/* Begin PBXNativeTarget section */
		50F58F212BC1BA19007D4D1C /* BBB Nostr Demo */ = {
			isa = PBXNativeTarget;
			buildConfigurationList = 50F58F302BC1BA1B007D4D1C /* Build configuration list for PBXNativeTarget "BBB Nostr Demo" */;
			buildPhases = (
				50F58F1E2BC1BA19007D4D1C /* Sources */,
				50F58F1F2BC1BA19007D4D1C /* Frameworks */,
				50F58F202BC1BA19007D4D1C /* Resources */,
			);
			buildRules = (
			);
			dependencies = (
			);
			name = "BBB Nostr Demo";
			packageProductDependencies = (
				50F58F342BC1BB0F007D4D1C /* NostrSDK */,
			);
			productName = "BBB Nostr Demo";
			productReference = 50F58F222BC1BA19007D4D1C /* BBB Nostr Demo.app */;
			productType = "com.apple.product-type.application";
		};
/* End PBXNativeTarget section */

/* Begin PBXProject section */
		50F58F1A2BC1BA19007D4D1C /* Project object */ = {
			isa = PBXProject;
			attributes = {
				BuildIndependentTargetsInParallel = 1;
				LastSwiftUpdateCheck = 1520;
				LastUpgradeCheck = 1520;
				TargetAttributes = {
					50F58F212BC1BA19007D4D1C = {
						CreatedOnToolsVersion = 15.2;
					};
				};
			};
			buildConfigurationList = 50F58F1D2BC1BA19007D4D1C /* Build configuration list for PBXProject "BBB Nostr Demo" */;
			compatibilityVersion = "Xcode 14.0";
			developmentRegion = en;
			hasScannedForEncodings = 0;
			knownRegions = (
				en,
				Base,
			);
			mainGroup = 50F58F192BC1BA19007D4D1C;
			packageReferences = (
				50F58F332BC1BB0F007D4D1C /* XCRemoteSwiftPackageReference "nostr-sdk-ios" */,
			);
			productRefGroup = 50F58F232BC1BA19007D4D1C /* Products */;
			projectDirPath = "";
			projectRoot = "";
			targets = (
				50F58F212BC1BA19007D4D1C /* BBB Nostr Demo */,
			);
		};
/* End PBXProject section */

/* Begin PBXResourcesBuildPhase section */
		50F58F202BC1BA19007D4D1C /* Resources */ = {
			isa = PBXResourcesBuildPhase;
			buildActionMask = 2147483647;
			files = (
				50F58F2D2BC1BA1B007D4D1C /* Preview Assets.xcassets in Resources */,
				50F58F2A2BC1BA1B007D4D1C /* Assets.xcassets in Resources */,
			);
			runOnlyForDeploymentPostprocessing = 0;
		};
/* End PBXResourcesBuildPhase section */

/* Begin PBXSourcesBuildPhase section */
		50F58F1E2BC1BA19007D4D1C /* Sources */ = {
			isa = PBXSourcesBuildPhase;
			buildActionMask = 2147483647;
			files = (
				50F58F282BC1BA19007D4D1C /* ContentView.swift in Sources */,
				50F58F372BC1E531007D4D1C /* TopLevelView.swift in Sources */,
				50F58F3D2BC1E7A8007D4D1C /* NotePoster.swift in Sources */,
				50F58F3B2BC1E580007D4D1C /* FollowingView.swift in Sources */,
				50F58F262BC1BA19007D4D1C /* BBB_Nostr_DemoApp.swift in Sources */,
				50F58F392BC1E578007D4D1C /* PostingView.swift in Sources */,
			);
			runOnlyForDeploymentPostprocessing = 0;
		};
/* End PBXSourcesBuildPhase section */

/* Begin XCBuildConfiguration section */
		50F58F2E2BC1BA1B007D4D1C /* Debug */ = {
			isa = XCBuildConfiguration;
			buildSettings = {
				ALWAYS_SEARCH_USER_PATHS = NO;
				ASSETCATALOG_COMPILER_GENERATE_SWIFT_ASSET_SYMBOL_EXTENSIONS = YES;
				CLANG_ANALYZER_NONNULL = YES;
				CLANG_ANALYZER_NUMBER_OBJECT_CONVERSION = YES_AGGRESSIVE;
				CLANG_CXX_LANGUAGE_STANDARD = "gnu++20";
				CLANG_ENABLE_MODULES = YES;
				CLANG_ENABLE_OBJC_ARC = YES;
				CLANG_ENABLE_OBJC_WEAK = YES;
				CLANG_WARN_BLOCK_CAPTURE_AUTORELEASING = YES;
				CLANG_WARN_BOOL_CONVERSION = YES;
				CLANG_WARN_COMMA = YES;
				CLANG_WARN_CONSTANT_CONVERSION = YES;
				CLANG_WARN_DEPRECATED_OBJC_IMPLEMENTATIONS = YES;
				CLANG_WARN_DIRECT_OBJC_ISA_USAGE = YES_ERROR;
				CLANG_WARN_DOCUMENTATION_COMMENTS = YES;
				CLANG_WARN_EMPTY_BODY = YES;
				CLANG_WARN_ENUM_CONVERSION = YES;
				CLANG_WARN_INFINITE_RECURSION = YES;
				CLANG_WARN_INT_CONVERSION = YES;
				CLANG_WARN_NON_LITERAL_NULL_CONVERSION = YES;
				CLANG_WARN_OBJC_IMPLICIT_RETAIN_SELF = YES;
				CLANG_WARN_OBJC_LITERAL_CONVERSION = YES;
				CLANG_WARN_OBJC_ROOT_CLASS = YES_ERROR;
				CLANG_WARN_QUOTED_INCLUDE_IN_FRAMEWORK_HEADER = YES;
				CLANG_WARN_RANGE_LOOP_ANALYSIS = YES;
				CLANG_WARN_STRICT_PROTOTYPES = YES;
				CLANG_WARN_SUSPICIOUS_MOVE = YES;
				CLANG_WARN_UNGUARDED_AVAILABILITY = YES_AGGRESSIVE;
				CLANG_WARN_UNREACHABLE_CODE = YES;
				CLANG_WARN__DUPLICATE_METHOD_MATCH = YES;
				COPY_PHASE_STRIP = NO;
				DEBUG_INFORMATION_FORMAT = dwarf;
				ENABLE_STRICT_OBJC_MSGSEND = YES;
				ENABLE_TESTABILITY = YES;
				ENABLE_USER_SCRIPT_SANDBOXING = YES;
				GCC_C_LANGUAGE_STANDARD = gnu17;
				GCC_DYNAMIC_NO_PIC = NO;
				GCC_NO_COMMON_BLOCKS = YES;
				GCC_OPTIMIZATION_LEVEL = 0;
				GCC_PREPROCESSOR_DEFINITIONS = (
					"DEBUG=1",
					"$(inherited)",
				);
				GCC_WARN_64_TO_32_BIT_CONVERSION = YES;
				GCC_WARN_ABOUT_RETURN_TYPE = YES_ERROR;
				GCC_WARN_UNDECLARED_SELECTOR = YES;
				GCC_WARN_UNINITIALIZED_AUTOS = YES_AGGRESSIVE;
				GCC_WARN_UNUSED_FUNCTION = YES;
				GCC_WARN_UNUSED_VARIABLE = YES;
				IPHONEOS_DEPLOYMENT_TARGET = 17.2;
				LOCALIZATION_PREFERS_STRING_CATALOGS = YES;
				MTL_ENABLE_DEBUG_INFO = INCLUDE_SOURCE;
				MTL_FAST_MATH = YES;
				ONLY_ACTIVE_ARCH = YES;
				SDKROOT = iphoneos;
				SWIFT_ACTIVE_COMPILATION_CONDITIONS = "DEBUG $(inherited)";
				SWIFT_OPTIMIZATION_LEVEL = "-Onone";
			};
			name = Debug;
		};
		50F58F2F2BC1BA1B007D4D1C /* Release */ = {
			isa = XCBuildConfiguration;
			buildSettings = {
				ALWAYS_SEARCH_USER_PATHS = NO;
				ASSETCATALOG_COMPILER_GENERATE_SWIFT_ASSET_SYMBOL_EXTENSIONS = YES;
				CLANG_ANALYZER_NONNULL = YES;
				CLANG_ANALYZER_NUMBER_OBJECT_CONVERSION = YES_AGGRESSIVE;
				CLANG_CXX_LANGUAGE_STANDARD = "gnu++20";
				CLANG_ENABLE_MODULES = YES;
				CLANG_ENABLE_OBJC_ARC = YES;
				CLANG_ENABLE_OBJC_WEAK = YES;
				CLANG_WARN_BLOCK_CAPTURE_AUTORELEASING = YES;
				CLANG_WARN_BOOL_CONVERSION = YES;
				CLANG_WARN_COMMA = YES;
				CLANG_WARN_CONSTANT_CONVERSION = YES;
				CLANG_WARN_DEPRECATED_OBJC_IMPLEMENTATIONS = YES;
				CLANG_WARN_DIRECT_OBJC_ISA_USAGE = YES_ERROR;
				CLANG_WARN_DOCUMENTATION_COMMENTS = YES;
				CLANG_WARN_EMPTY_BODY = YES;
				CLANG_WARN_ENUM_CONVERSION = YES;
				CLANG_WARN_INFINITE_RECURSION = YES;
				CLANG_WARN_INT_CONVERSION = YES;
				CLANG_WARN_NON_LITERAL_NULL_CONVERSION = YES;
				CLANG_WARN_OBJC_IMPLICIT_RETAIN_SELF = YES;
				CLANG_WARN_OBJC_LITERAL_CONVERSION = YES;
				CLANG_WARN_OBJC_ROOT_CLASS = YES_ERROR;
				CLANG_WARN_QUOTED_INCLUDE_IN_FRAMEWORK_HEADER = YES;
				CLANG_WARN_RANGE_LOOP_ANALYSIS = YES;
				CLANG_WARN_STRICT_PROTOTYPES = YES;
				CLANG_WARN_SUSPICIOUS_MOVE = YES;
				CLANG_WARN_UNGUARDED_AVAILABILITY = YES_AGGRESSIVE;
				CLANG_WARN_UNREACHABLE_CODE = YES;
				CLANG_WARN__DUPLICATE_METHOD_MATCH = YES;
				COPY_PHASE_STRIP = NO;
				DEBUG_INFORMATION_FORMAT = "dwarf-with-dsym";
				ENABLE_NS_ASSERTIONS = NO;
				ENABLE_STRICT_OBJC_MSGSEND = YES;
				ENABLE_USER_SCRIPT_SANDBOXING = YES;
				GCC_C_LANGUAGE_STANDARD = gnu17;
				GCC_NO_COMMON_BLOCKS = YES;
				GCC_WARN_64_TO_32_BIT_CONVERSION = YES;
				GCC_WARN_ABOUT_RETURN_TYPE = YES_ERROR;
				GCC_WARN_UNDECLARED_SELECTOR = YES;
				GCC_WARN_UNINITIALIZED_AUTOS = YES_AGGRESSIVE;
				GCC_WARN_UNUSED_FUNCTION = YES;
				GCC_WARN_UNUSED_VARIABLE = YES;
				IPHONEOS_DEPLOYMENT_TARGET = 17.2;
				LOCALIZATION_PREFERS_STRING_CATALOGS = YES;
				MTL_ENABLE_DEBUG_INFO = NO;
				MTL_FAST_MATH = YES;
				SDKROOT = iphoneos;
				SWIFT_COMPILATION_MODE = wholemodule;
				VALIDATE_PRODUCT = YES;
			};
			name = Release;
		};
		50F58F312BC1BA1B007D4D1C /* Debug */ = {
			isa = XCBuildConfiguration;
			buildSettings = {
				ASSETCATALOG_COMPILER_APPICON_NAME = AppIcon;
				ASSETCATALOG_COMPILER_GLOBAL_ACCENT_COLOR_NAME = AccentColor;
				CODE_SIGN_STYLE = Automatic;
				CURRENT_PROJECT_VERSION = 1;
				DEVELOPMENT_ASSET_PATHS = "\"BBB Nostr Demo/Preview Content\"";
				DEVELOPMENT_TEAM = 68P72ULP6W;
				ENABLE_PREVIEWS = YES;
				GENERATE_INFOPLIST_FILE = YES;
				INFOPLIST_KEY_UIApplicationSceneManifest_Generation = YES;
				INFOPLIST_KEY_UIApplicationSupportsIndirectInputEvents = YES;
				INFOPLIST_KEY_UILaunchScreen_Generation = YES;
				INFOPLIST_KEY_UISupportedInterfaceOrientations_iPad = "UIInterfaceOrientationPortrait UIInterfaceOrientationPortraitUpsideDown UIInterfaceOrientationLandscapeLeft UIInterfaceOrientationLandscapeRight";
				INFOPLIST_KEY_UISupportedInterfaceOrientations_iPhone = "UIInterfaceOrientationPortrait UIInterfaceOrientationLandscapeLeft UIInterfaceOrientationLandscapeRight";
				LD_RUNPATH_SEARCH_PATHS = (
					"$(inherited)",
					"@executable_path/Frameworks",
				);
				MARKETING_VERSION = 1.0;
				PRODUCT_BUNDLE_IDENTIFIER = "com.nostr.BBB-Nostr-Demo";
				PRODUCT_NAME = "$(TARGET_NAME)";
				SWIFT_EMIT_LOC_STRINGS = YES;
				SWIFT_VERSION = 5.0;
				TARGETED_DEVICE_FAMILY = "1,2";
			};
			name = Debug;
		};
		50F58F322BC1BA1B007D4D1C /* Release */ = {
			isa = XCBuildConfiguration;
			buildSettings = {
				ASSETCATALOG_COMPILER_APPICON_NAME = AppIcon;
				ASSETCATALOG_COMPILER_GLOBAL_ACCENT_COLOR_NAME = AccentColor;
				CODE_SIGN_STYLE = Automatic;
				CURRENT_PROJECT_VERSION = 1;
				DEVELOPMENT_ASSET_PATHS = "\"BBB Nostr Demo/Preview Content\"";
				DEVELOPMENT_TEAM = 68P72ULP6W;
				ENABLE_PREVIEWS = YES;
				GENERATE_INFOPLIST_FILE = YES;
				INFOPLIST_KEY_UIApplicationSceneManifest_Generation = YES;
				INFOPLIST_KEY_UIApplicationSupportsIndirectInputEvents = YES;
				INFOPLIST_KEY_UILaunchScreen_Generation = YES;
				INFOPLIST_KEY_UISupportedInterfaceOrientations_iPad = "UIInterfaceOrientationPortrait UIInterfaceOrientationPortraitUpsideDown UIInterfaceOrientationLandscapeLeft UIInterfaceOrientationLandscapeRight";
				INFOPLIST_KEY_UISupportedInterfaceOrientations_iPhone = "UIInterfaceOrientationPortrait UIInterfaceOrientationLandscapeLeft UIInterfaceOrientationLandscapeRight";
				LD_RUNPATH_SEARCH_PATHS = (
					"$(inherited)",
					"@executable_path/Frameworks",
				);
				MARKETING_VERSION = 1.0;
				PRODUCT_BUNDLE_IDENTIFIER = "com.nostr.BBB-Nostr-Demo";
				PRODUCT_NAME = "$(TARGET_NAME)";
				SWIFT_EMIT_LOC_STRINGS = YES;
				SWIFT_VERSION = 5.0;
				TARGETED_DEVICE_FAMILY = "1,2";
			};
			name = Release;
		};
/* End XCBuildConfiguration section */

/* Begin XCConfigurationList section */
		50F58F1D2BC1BA19007D4D1C /* Build configuration list for PBXProject "BBB Nostr Demo" */ = {
			isa = XCConfigurationList;
			buildConfigurations = (
				50F58F2E2BC1BA1B007D4D1C /* Debug */,
				50F58F2F2BC1BA1B007D4D1C /* Release */,
			);
			defaultConfigurationIsVisible = 0;
			defaultConfigurationName = Release;
		};
		50F58F302BC1BA1B007D4D1C /* Build configuration list for PBXNativeTarget "BBB Nostr Demo" */ = {
			isa = XCConfigurationList;
			buildConfigurations = (
				50F58F312BC1BA1B007D4D1C /* Debug */,
				50F58F322BC1BA1B007D4D1C /* Release */,
			);
			defaultConfigurationIsVisible = 0;
			defaultConfigurationName = Release;
		};
/* End XCConfigurationList section */

/* Begin XCRemoteSwiftPackageReference section */
		50F58F332BC1BB0F007D4D1C /* XCRemoteSwiftPackageReference "nostr-sdk-ios" */ = {
			isa = XCRemoteSwiftPackageReference;
			repositoryURL = "https://github.com/nostr-sdk/nostr-sdk-ios";
			requirement = {
				kind = upToNextMajorVersion;
				minimumVersion = 0.1.0;
			};
		};
/* End XCRemoteSwiftPackageReference section */

/* Begin XCSwiftPackageProductDependency section */
		50F58F342BC1BB0F007D4D1C /* NostrSDK */ = {
			isa = XCSwiftPackageProductDependency;
			package = 50F58F332BC1BB0F007D4D1C /* XCRemoteSwiftPackageReference "nostr-sdk-ios" */;
			productName = NostrSDK;
		};
/* End XCSwiftPackageProductDependency section */
	};
	rootObject = 50F58F1A2BC1BA19007D4D1C /* Project object */;
}
